
Microsoft Visual Studio Solution File, Format Version 12.00
# Visual Studio Version 17
VisualStudioVersion = 17.9.34728.123
MinimumVisualStudioVersion = 10.0.40219.1
Project("{FAE04EC0-301F-11D3-BF4B-00C04F79EFBC}") = "Final Project", "Final Project\Final Project.csproj", "{1EBC4CDB-0C90-4400-BC20-C183156B8B82}"
EndProject
Global
	GlobalSection(SolutionConfigurationPlatforms) = preSolution
		Debug|Any CPU = Debug|Any CPU
		Release|Any CPU = Release|Any CPU
	EndGlobalSection
	GlobalSection(ProjectConfigurationPlatforms) = postSolution
		{1EBC4CDB-0C90-4400-BC20-C183156B8B82}.Debug|Any CPU.ActiveCfg = Debug|Any CPU
		{1EBC4CDB-0C90-4400-BC20-C183156B8B82}.Debug|Any CPU.Build.0 = Debug|Any CPU
		{1EBC4CDB-0C90-4400-BC20-C183156B8B82}.Release|Any CPU.ActiveCfg = Release|Any CPU
		{1EBC4CDB-0C90-4400-BC20-C183156B8B82}.Release|Any CPU.Build.0 = Release|Any CPU
	EndGlobalSection
	GlobalSection(SolutionProperties) = preSolution
		HideSolutionNode = FALSE
	EndGlobalSection
	GlobalSection(ExtensibilityGlobals) = postSolution
		SolutionGuid = {910AA1E1-DE13-4F02-BF1E-9D560CEF6110}
	EndGlobalSection
EndGlobal
